<?xml version="1.0" encoding="utf-8"?>
<Project ToolsVersion="4.0" xmlns="http://schemas.microsoft.com/developer/msbuild/2003">
  <ItemGroup>
    <Filter Include="src">
      <UniqueIdentifier>{4FC737F1-C7A5-4376-A066-2A32D752A2FF}</UniqueIdentifier>
      <Extensions>cpp;hpp</Extensions>
    </Filter>
    <Filter Include="src\ssLib">
      <UniqueIdentifier>{1ff79c24-acf5-4ea1-b00a-9b45ab4e331a}</UniqueIdentifier>
    </Filter>
    <Filter Include="src\ssImpl">
      <UniqueIdentifier>{f13f3567-c5e2-4984-ae81-56db18ac377c}</UniqueIdentifier>
    </Filter>
    <Filter Include="doc">
      <UniqueIdentifier>{d5868789-2fca-4dd9-9034-4e58b592bebc}</UniqueIdentifier>
    </Filter>
    <Filter Include="doc\resource">
      <UniqueIdentifier>{0957898b-89e6-46df-83a2-67ba9578986e}</UniqueIdentifier>
    </Filter>
    <Filter Include="lib">
      <UniqueIdentifier>{feba74ad-3d92-487b-932a-93ff5d7805d1}</UniqueIdentifier>
    </Filter>
    <Filter Include="lib\boost">
      <UniqueIdentifier>{ffb518d8-b294-47cb-ab5e-e602968e959b}</UniqueIdentifier>
    </Filter>
    <Filter Include="lib\mysql">
      <UniqueIdentifier>{94c4eb75-6fd8-4bc6-9f97-7681a932b87d}</UniqueIdentifier>
    </Filter>
    <Filter Include="props">
      <UniqueIdentifier>{e3e60a27-4850-4c27-b93c-2023530c1159}</UniqueIdentifier>
    </Filter>
  </ItemGroup>
  <ItemGroup>
    <ClCompile Include="src\SimpleServer.cpp">
      <Filter>src</Filter>
    </ClCompile>
    <ClCompile Include="src\stdafx.cpp">
      <Filter>src</Filter>
    </ClCompile>
    <ClCompile Include="src\ssImpl\ssEchoServerSessionHandler.cpp">
      <Filter>src\ssImpl</Filter>
    </ClCompile>
    <ClCompile Include="src\ssLib\ssBuffer.cpp">
      <Filter>src\ssLib</Filter>
    </ClCompile>
    <ClCompile Include="src\ssLib\ssSessionPerfCounter.cpp">
      <Filter>src\ssLib</Filter>
    </ClCompile>
    <ClCompile Include="src\ssLib\ssUtil.cpp">
      <Filter>src\ssLib</Filter>
    </ClCompile>
  </ItemGroup>
  <ItemGroup>
    <ClInclude Include="src\stdafx.hpp">
      <Filter>src</Filter>
    </ClInclude>
    <ClInclude Include="src\ssLib.hpp">
      <Filter>src</Filter>
    </ClInclude>
    <ClInclude Include="src\ssImpl\ssEchoServerSessionHandler.hpp">
      <Filter>src\ssImpl</Filter>
    </ClInclude>
    <ClInclude Include="src\ssLib\ssAcceptor.hpp">
      <Filter>src\ssLib</Filter>
    </ClInclude>
    <ClInclude Include="src\ssLib\ssAcceptor.ipp.hpp">
      <Filter>src\ssLib</Filter>
    </ClInclude>
    <ClInclude Include="src\ssLib\ssBuffer.hpp">
      <Filter>src\ssLib</Filter>
    </ClInclude>
    <ClInclude Include="src\ssLib\ssConnector.hpp">
      <Filter>src\ssLib</Filter>
    </ClInclude>
    <ClInclude Include="src\ssLib\ssConnector.ipp.hpp">
      <Filter>src\ssLib</Filter>
    </ClInclude>
    <ClInclude Include="src\ssLib\ssINonCopyable.hpp">
      <Filter>src\ssLib</Filter>
    </ClInclude>
    <ClInclude Include="src\ssLib\ssLog.hpp">
      <Filter>src\ssLib</Filter>
    </ClInclude>
    <ClInclude Include="src\ssLib\ssSession.hpp">
      <Filter>src\ssLib</Filter>
    </ClInclude>
    <ClInclude Include="src\ssLib\ssSession.ipp.hpp">
      <Filter>src\ssLib</Filter>
    </ClInclude>
    <ClInclude Include="src\ssLib\ssSessionPerfCounter.hpp">
      <Filter>src\ssLib</Filter>
    </ClInclude>
    <ClInclude Include="src\ssLib\ssSessionPool.hpp">
      <Filter>src\ssLib</Filter>
    </ClInclude>
    <ClInclude Include="src\ssLib\ssSessionPool.ipp.hpp">
      <Filter>src\ssLib</Filter>
    </ClInclude>
    <ClInclude Include="src\ssLib\ssUtil.hpp">
      <Filter>src\ssLib</Filter>
    </ClInclude>
  </ItemGroup>
  <ItemGroup>
    <None Include=".gitignore" />
    <None Include="Makefile" />
    <None Include="lib\build_lib.bat">
      <Filter>lib</Filter>
    </None>
    <None Include="lib\build_lib.sh">
      <Filter>lib</Filter>
    </None>
    <None Include="lib\boost\.gitignore">
      <Filter>lib\boost</Filter>
    </None>
    <None Include="lib\boost\build.bat">
      <Filter>lib\boost</Filter>
    </None>
    <None Include="lib\boost\build.sh">
      <Filter>lib\boost</Filter>
    </None>
    <None Include="lib\mysql\.gitignore">
      <Filter>lib\mysql</Filter>
    </None>
    <None Include="lib\mysql\build.bat">
      <Filter>lib\mysql</Filter>
    </None>
    <None Include="lib\mysql\build.sh">
      <Filter>lib\mysql</Filter>
    </None>
    <None Include="props\consoleBase.props">
      <Filter>props</Filter>
    </None>
    <None Include="props\boost_1_62_0.props">
      <Filter>props</Filter>
    </None>
    <None Include="props\mysql-cluster-gpl-7.5.3.props">
      <Filter>props</Filter>
    </None>
  </ItemGroup>
  <ItemGroup>
    <Text Include="doc\DONE.txt">
      <Filter>doc</Filter>
    </Text>
    <Text Include="doc\TODO.txt">
      <Filter>doc</Filter>
    </Text>
    <Text Include="doc\resource\2016-07-17_aws_net_perf.txt">
      <Filter>doc\resource</Filter>
    </Text>
  </ItemGroup>
</Project>