<?xml version="1.0" encoding="utf-8"?>
<Project ToolsVersion="4.0" xmlns="http://schemas.microsoft.com/developer/msbuild/2003">
  <ItemGroup>
    <Filter Include="src">
      <UniqueIdentifier>{4FC737F1-C7A5-4376-A066-2A32D752A2FF}</UniqueIdentifier>
      <Extensions>cpp;hpp</Extensions>
    </Filter>
    <Filter Include="src\ssLib">
      <UniqueIdentifier>{1ff79c24-acf5-4ea1-b00a-9b45ab4e331a}</UniqueIdentifier>
    </Filter>
    <Filter Include="src\ssImpl">
      <UniqueIdentifier>{f13f3567-c5e2-4984-ae81-56db18ac377c}</UniqueIdentifier>
    </Filter>
  </ItemGroup>
  <ItemGroup>
    <ClCompile Include="src\SimpleServer.cpp">
      <Filter>src</Filter>
    </ClCompile>
    <ClCompile Include="src\stdafx.cpp">
      <Filter>src</Filter>
    </ClCompile>
    <ClCompile Include="src\ssLib\ssBuffer.cpp">
      <Filter>src\ssLib</Filter>
    </ClCompile>
    <ClCompile Include="src\ssLib\ssSessionPerfCounter.cpp">
      <Filter>src\ssLib</Filter>
    </ClCompile>
    <ClCompile Include="src\ssImpl\ssEchoServerSessionHandler.cpp">
      <Filter>src\ssImpl</Filter>
    </ClCompile>
  </ItemGroup>
  <ItemGroup>
    <ClInclude Include="src\stdafx.hpp">
      <Filter>src</Filter>
    </ClInclude>
    <ClInclude Include="src\ssLib\ssINonCopyable.hpp">
      <Filter>src\ssLib</Filter>
    </ClInclude>
    <ClInclude Include="src\ssLib\ssBuffer.hpp">
      <Filter>src\ssLib</Filter>
    </ClInclude>
    <ClInclude Include="src\ssLib\ssSession.hpp">
      <Filter>src\ssLib</Filter>
    </ClInclude>
    <ClInclude Include="src\ssLib\ssAcceptor.hpp">
      <Filter>src\ssLib</Filter>
    </ClInclude>
    <ClInclude Include="src\ssLib.hpp">
      <Filter>src</Filter>
    </ClInclude>
    <ClInclude Include="src\ssLib\ssSessionPool.hpp">
      <Filter>src\ssLib</Filter>
    </ClInclude>
    <ClInclude Include="src\ssLib\ssSessionPerfCounter.hpp">
      <Filter>src\ssLib</Filter>
    </ClInclude>
    <ClInclude Include="src\ssLib\ssISessionHandler.hpp">
      <Filter>src\ssLib</Filter>
    </ClInclude>
    <ClInclude Include="src\ssImpl\ssEchoServerSessionHandler.hpp">
      <Filter>src\ssImpl</Filter>
    </ClInclude>
    <ClInclude Include="src\ssLib\ssUtil.hpp">
      <Filter>src\ssLib</Filter>
    </ClInclude>
    <ClInclude Include="src\ssLib\ssLog.hpp">
      <Filter>src\ssLib</Filter>
    </ClInclude>
  </ItemGroup>
  <ItemGroup>
    <None Include=".gitignore" />
    <None Include="src\ssLib\ssSession.ipp">
      <Filter>src\ssLib</Filter>
    </None>
    <None Include="src\ssLib\ssAcceptor.ipp">
      <Filter>src\ssLib</Filter>
    </None>
    <None Include="src\ssLib\ssSessionPool.ipp">
      <Filter>src\ssLib</Filter>
    </None>
  </ItemGroup>
  <ItemGroup>
    <Text Include="TODO.txt" />
  </ItemGroup>
</Project>